
Microsoft Visual Studio Solution File, Format Version 12.00
# Visual Studio 14
VisualStudioVersion = 14.0.25420.1
MinimumVisualStudioVersion = 10.0.40219.1
Project("{FAE04EC0-301F-11D3-BF4B-00C04F79EFBC}") = "WebApp", "WebApp\WebApp.csproj", "{22241EAF-27EB-4BCD-8490-0BF57DB447D4}"
EndProject
Project("{FAE04EC0-301F-11D3-BF4B-00C04F79EFBC}") = "WebApi", "WebApi\WebApi.csproj", "{0712D19D-CCD7-4DFD-BE35-1D267A57A458}"
EndProject
Global
	GlobalSection(SolutionConfigurationPlatforms) = preSolution
		Debug|Any CPU = Debug|Any CPU
		Release|Any CPU = Release|Any CPU
	EndGlobalSection
	GlobalSection(ProjectConfigurationPlatforms) = postSolution
		{22241EAF-27EB-4BCD-8490-0BF57DB447D4}.Debug|Any CPU.ActiveCfg = Debug|Any CPU
		{22241EAF-27EB-4BCD-8490-0BF57DB447D4}.Debug|Any CPU.Build.0 = Debug|Any CPU
		{22241EAF-27EB-4BCD-8490-0BF57DB447D4}.Release|Any CPU.ActiveCfg = Release|Any CPU
		{22241EAF-27EB-4BCD-8490-0BF57DB447D4}.Release|Any CPU.Build.0 = Release|Any CPU
		{0712D19D-CCD7-4DFD-BE35-1D267A57A458}.Debug|Any CPU.ActiveCfg = Debug|Any CPU
		{0712D19D-CCD7-4DFD-BE35-1D267A57A458}.Debug|Any CPU.Build.0 = Debug|Any CPU
		{0712D19D-CCD7-4DFD-BE35-1D267A57A458}.Release|Any CPU.ActiveCfg = Release|Any CPU
		{0712D19D-CCD7-4DFD-BE35-1D267A57A458}.Release|Any CPU.Build.0 = Release|Any CPU
	EndGlobalSection
	GlobalSection(SolutionProperties) = preSolution
		HideSolutionNode = FALSE
	EndGlobalSection
EndGlobal
